dependencies:
- name: common
  repository: https://charts.bitnami.com/bitnami
  version: 2.19.2
- name: nectarlib
  repository: oci://registry.rc.nectar.org.au/nectar-helm
  version: 1.4.0
digest: sha256:91b6b93468d384227d9ab6aa97b7e7fde1f4c7ce7a6e69c50815f3b87a3c724e
generated: "2024-05-15T08:49:35.933638476+10:00"
